hash: 8e1a7a80755b1181af921a52e2d8a9ce9557d197c60eac246d3360ae2663f12d
updated: 2017-05-21T07:36:10.25991013Z
imports:
- name: github.com/go-yaml/yaml
  version: cd8b52f8269e0feb286dfeef29f8fe4d5b397e0b
- name: github.com/subchen/go-cli
  version: a7a1abd19c53038998491b55ff934f6bff01ccbd
- name: github.com/wushilin/threads
  version: d24acb41d4569064630b4157284eec6313aed34a
- name: golang.org/x/text
  version: 19e51611da83d6be54ddafce4a4af510cb3e9ea4
  subpackages:
  - encoding
  - encoding/internal
  - encoding/internal/identifier
  - encoding/simplifiedchinese
  - transform
testImports: []
