hash: cbe992ac3a92c2b5fa8930ede8f71bc4becde2d191ec4e3ec1952f5c28d786b3
updated: 2017-09-30T11:43:43.496101899+08:00
imports:
- name: github.com/go-yaml/yaml
  version: eb3733d160e74a9c7e442f435eb3bea458e1d19f
- name: github.com/pborman/uuid
  version: e790cca94e6cc75c7064b1332e63811d4aae1a53
- name: github.com/subchen/go-cli
  version: b057e4951c7a17edcca8436bf347326c68f8caf0
- name: github.com/ungerik/go-dry
  version: 9f8be391e41967e2c94b003431a9011e792973c2
- name: github.com/wushilin/threads
  version: d24acb41d4569064630b4157284eec6313aed34a
- name: golang.org/x/text
  version: 19e51611da83d6be54ddafce4a4af510cb3e9ea4
  subpackages:
  - encoding
  - encoding/internal
  - encoding/internal/identifier
  - encoding/simplifiedchinese
  - transform
testImports: []
